
Microsoft Visual Studio Solution File, Format Version 12.00
# Visual Studio Version 16
VisualStudioVersion = 16.0.29728.190
MinimumVisualStudioVersion = 10.0.40219.1
Project("{FAE04EC0-301F-11D3-BF4B-00C04F79EFBC}") = "JDR", "JDR.csproj", "{0CBD29AD-B657-40C0-B210-E967A5416601}"
EndProject
Global
	GlobalSection(SolutionConfigurationPlatforms) = preSolution
		Debug|Any CPU = Debug|Any CPU
		Release|Any CPU = Release|Any CPU
	EndGlobalSection
	GlobalSection(ProjectConfigurationPlatforms) = postSolution
		{0CBD29AD-B657-40C0-B210-E967A5416601}.Debug|Any CPU.ActiveCfg = Debug|Any CPU
		{0CBD29AD-B657-40C0-B210-E967A5416601}.Debug|Any CPU.Build.0 = Debug|Any CPU
		{0CBD29AD-B657-40C0-B210-E967A5416601}.Release|Any CPU.ActiveCfg = Release|Any CPU
		{0CBD29AD-B657-40C0-B210-E967A5416601}.Release|Any CPU.Build.0 = Release|Any CPU
	EndGlobalSection
	GlobalSection(SolutionProperties) = preSolution
		HideSolutionNode = FALSE
	EndGlobalSection
	GlobalSection(ExtensibilityGlobals) = postSolution
		SolutionGuid = {8B7BF50F-83D8-4539-AC9A-8E1EBCA8F55B}
	EndGlobalSection
EndGlobal
